<Solution>
  <Folder Name="/API/">
    <Project Path="API/HRMS.API/HRMS.API.csproj" Id="6b638a6a-5610-4a2b-aa1e-dfbef58de721" />
  </Folder>
  <Folder Name="/Modules/" />
  <Folder Name="/Modules/TodoFeature/">
    <Project Path="Modules/TodoFeature/TodoFeature.Application/TodoFeature.Application.csproj" Id="a1b2c3d4-e5f6-7890-abcd-ef1234567890" />
    <Project Path="Modules/TodoFeature/TodoFeature.Domain/TodoFeature.Domain.csproj" Id="b2c3d4e5-f6a7-8901-bcde-f12345678901" />
    <Project Path="Modules/TodoFeature/TodoFeature.GraphQL/TodoFeature.GraphQL.csproj" Id="c3d4e5f6-a7b8-9012-cdef-123456789012" />
    <Project Path="Modules/TodoFeature/TodoFeature.Infrastructure/TodoFeature.Infrastructure.csproj" Id="d4e5f6a7-b8c9-0123-def0-234567890123" />
  </Folder>
  <Folder Name="/Shared/">
    <Project Path="Shared/HRMS.Shared.Application/HRMS.Shared.Application.csproj" Id="2986d168-4e45-495e-8b00-09f1650c14e7" />
    <Project Path="Shared/HRMS.Shared.Domain/HRMS.Shared.Domain.csproj" Id="7f46f091-c7f3-46ef-a6b8-21bc45c85ea1" />
    <Project Path="Shared/HRMS.Shared.Infrastructure/HRMS.Shared.Infrastructure.csproj" Id="e49e71f9-9e51-49dd-bbe0-9d9086a2a412" />
  </Folder>
  <Folder Name="/Shared/HRMS.Shared.Core/">
    <Project Path="Shared/HRMS.Shared.Core/HRMS.Core.HttpHelper/HRMS.Core.HttpHelper.csproj" Id="88e064c1-b81a-44ca-ba72-5b9cf9b11ba4" />
    <Project Path="Shared/HRMS.Shared.Core/HRMS.Core.KeyVault/HRMS.Core.KeyVault.csproj" Id="d298accc-181d-4628-a1c0-1809f08d84bd" />
    <Project Path="Shared/HRMS.Shared.Core/HRMS.Core.Postgres/HRMS.Core.Postgres.csproj" Id="e5f6a7b8-c9d0-1234-ef01-345678901234" />
    <Project Path="Shared/HRMS.Shared.Core/HRMS.Core.Telemetry/HRMS.Core.Telemetry.csproj" Id="70179bd1-adcd-4e57-90d0-e5dc380643b2" />
  </Folder>
</Solution>
